<?xml version="1.0" encoding="utf-8"?>
<Project ToolsVersion="4.0" xmlns="http://schemas.microsoft.com/developer/msbuild/2003">
  <ItemGroup>
    <Filter Include="Source Files">
      <UniqueIdentifier>{4FC737F1-C7A5-4376-A066-2A32D752A2FF}</UniqueIdentifier>
      <Extensions>cpp;c;cc;cxx;c++;cppm;ixx;def;odl;idl;hpj;bat;asm;asmx</Extensions>
    </Filter>
    <Filter Include="Header Files">
      <UniqueIdentifier>{93995380-89BD-4b04-88EB-625FBE52EBFB}</UniqueIdentifier>
      <Extensions>h;hh;hpp;hxx;h++;hm;inl;inc;ipp;xsd</Extensions>
    </Filter>
    <Filter Include="Resource Files">
      <UniqueIdentifier>{67DA6AB6-F800-4c08-8B7A-83BB121AAD01}</UniqueIdentifier>
      <Extensions>rc;ico;cur;bmp;dlg;rc2;rct;bin;rgs;gif;jpg;jpeg;jpe;resx;tiff;tif;png;wav;mfcribbon-ms</Extensions>
    </Filter>
    <Filter Include="Source Files\GameObject">
      <UniqueIdentifier>{58e3b3f4-1e49-414a-b013-3801dd0c370b}</UniqueIdentifier>
    </Filter>
    <Filter Include="Source Files\GameObject\Card">
      <UniqueIdentifier>{0ccafa8a-1a67-4231-a749-d8d742007281}</UniqueIdentifier>
    </Filter>
    <Filter Include="Header Files\GameObject">
      <UniqueIdentifier>{8f812af8-03d8-4f74-b0c2-7f2d1711967e}</UniqueIdentifier>
    </Filter>
    <Filter Include="Header Files\GameObject\Card">
      <UniqueIdentifier>{edbae0e9-8fce-40ac-a1ab-fd22efe9f49c}</UniqueIdentifier>
    </Filter>
    <Filter Include="Header Files\GameObject\UI">
      <UniqueIdentifier>{830dab2b-e0c0-4438-b293-68e382b75868}</UniqueIdentifier>
    </Filter>
    <Filter Include="Source Files\GameObject\UI">
      <UniqueIdentifier>{7e762170-de36-49e6-9539-c1297c825aca}</UniqueIdentifier>
    </Filter>
    <Filter Include="Header Files\GameObject\Units">
      <UniqueIdentifier>{2c671281-5ba3-4be2-aec3-ac32cbb9fbbd}</UniqueIdentifier>
    </Filter>
    <Filter Include="Source Files\GameObject\Units">
      <UniqueIdentifier>{40492d14-a0db-421e-a255-086696aebafb}</UniqueIdentifier>
    </Filter>
  </ItemGroup>
  <ItemGroup>
    <ClCompile Include="Arkhana.cpp">
      <Filter>Source Files</Filter>
    </ClCompile>
    <ClCompile Include="Screen.cpp">
      <Filter>Source Files</Filter>
    </ClCompile>
    <ClCompile Include="CombatScreen.cpp">
      <Filter>Source Files</Filter>
    </ClCompile>
    <ClCompile Include="Card.cpp">
      <Filter>Source Files\GameObject\Card</Filter>
    </ClCompile>
    <ClCompile Include="Player.cpp">
      <Filter>Source Files</Filter>
    </ClCompile>
    <ClCompile Include="GameObject.cpp">
      <Filter>Source Files\GameObject</Filter>
    </ClCompile>
    <ClCompile Include="EndTurnButton.cpp">
      <Filter>Source Files\GameObject\UI</Filter>
    </ClCompile>
    <ClCompile Include="UnitZone.cpp">
      <Filter>Source Files\GameObject\UI</Filter>
    </ClCompile>
    <ClCompile Include="Unit.cpp">
      <Filter>Source Files\GameObject\Units</Filter>
    </ClCompile>
  </ItemGroup>
  <ItemGroup>
    <ClInclude Include="Screen.h">
      <Filter>Header Files</Filter>
    </ClInclude>
    <ClInclude Include="CombatScreen.h">
      <Filter>Header Files</Filter>
    </ClInclude>
    <ClInclude Include="Card.h">
      <Filter>Header Files</Filter>
    </ClInclude>
    <ClInclude Include="Player.h">
      <Filter>Header Files</Filter>
    </ClInclude>
    <ClInclude Include="headers.h">
      <Filter>Header Files</Filter>
    </ClInclude>
    <ClInclude Include="enums.h">
      <Filter>Header Files</Filter>
    </ClInclude>
    <ClInclude Include="EndTurnButton.h">
      <Filter>Header Files\GameObject\UI</Filter>
    </ClInclude>
    <ClInclude Include="GameObject.h">
      <Filter>Header Files\GameObject</Filter>
    </ClInclude>
    <ClInclude Include="UnitZone.h">
      <Filter>Header Files\GameObject\UI</Filter>
    </ClInclude>
    <ClInclude Include="Unit.h">
      <Filter>Header Files\GameObject\Units</Filter>
    </ClInclude>
  </ItemGroup>
</Project>